
Microsoft Visual Studio Solution File, Format Version 12.00
# Visual Studio Version 17
VisualStudioVersion = 17.9.34607.119
MinimumVisualStudioVersion = 10.0.40219.1
Project("{FAE04EC0-301F-11D3-BF4B-00C04F79EFBC}") = "OdataBookStore", "OdataBookStore\OdataBookStore.csproj", "{B0C02849-1A38-46F2-96FE-9968F0285643}"
EndProject
Project("{FAE04EC0-301F-11D3-BF4B-00C04F79EFBC}") = "BookStoreClient", "BookStoreClient\BookStoreClient.csproj", "{76B449F7-EBCA-48AF-9036-82495E302A62}"
EndProject
Global
	GlobalSection(SolutionConfigurationPlatforms) = preSolution
		Debug|Any CPU = Debug|Any CPU
		Release|Any CPU = Release|Any CPU
	EndGlobalSection
	GlobalSection(ProjectConfigurationPlatforms) = postSolution
		{B0C02849-1A38-46F2-96FE-9968F0285643}.Debug|Any CPU.ActiveCfg = Debug|Any CPU
		{B0C02849-1A38-46F2-96FE-9968F0285643}.Debug|Any CPU.Build.0 = Debug|Any CPU
		{B0C02849-1A38-46F2-96FE-9968F0285643}.Release|Any CPU.ActiveCfg = Release|Any CPU
		{B0C02849-1A38-46F2-96FE-9968F0285643}.Release|Any CPU.Build.0 = Release|Any CPU
		{76B449F7-EBCA-48AF-9036-82495E302A62}.Debug|Any CPU.ActiveCfg = Debug|Any CPU
		{76B449F7-EBCA-48AF-9036-82495E302A62}.Debug|Any CPU.Build.0 = Debug|Any CPU
		{76B449F7-EBCA-48AF-9036-82495E302A62}.Release|Any CPU.ActiveCfg = Release|Any CPU
		{76B449F7-EBCA-48AF-9036-82495E302A62}.Release|Any CPU.Build.0 = Release|Any CPU
	EndGlobalSection
	GlobalSection(SolutionProperties) = preSolution
		HideSolutionNode = FALSE
	EndGlobalSection
	GlobalSection(ExtensibilityGlobals) = postSolution
		SolutionGuid = {6AD94FB8-4D48-4DFE-A40E-96A5DEDE2046}
	EndGlobalSection
EndGlobal
